
Microsoft Visual Studio Solution File, Format Version 12.00
# Visual Studio Version 17
VisualStudioVersion = 17.1.32407.343
MinimumVisualStudioVersion = 10.0.40219.1
Project("{FAE04EC0-301F-11D3-BF4B-00C04F79EFBC}") = "Yut.AdvancedRegionModule", "Yut.AdvancedRegionModule\Yut.AdvancedRegionModule.csproj", "{06A068C6-5F7C-4D61-BD19-D0782A387EEB}"
EndProject
Global
	GlobalSection(SolutionConfigurationPlatforms) = preSolution
		Debug|Any CPU = Debug|Any CPU
		Release|Any CPU = Release|Any CPU
	EndGlobalSection
	GlobalSection(ProjectConfigurationPlatforms) = postSolution
		{06A068C6-5F7C-4D61-BD19-D0782A387EEB}.Debug|Any CPU.ActiveCfg = Debug|Any CPU
		{06A068C6-5F7C-4D61-BD19-D0782A387EEB}.Debug|Any CPU.Build.0 = Debug|Any CPU
		{06A068C6-5F7C-4D61-BD19-D0782A387EEB}.Release|Any CPU.ActiveCfg = Release|Any CPU
		{06A068C6-5F7C-4D61-BD19-D0782A387EEB}.Release|Any CPU.Build.0 = Release|Any CPU
	EndGlobalSection
	GlobalSection(SolutionProperties) = preSolution
		HideSolutionNode = FALSE
	EndGlobalSection
	GlobalSection(ExtensibilityGlobals) = postSolution
		SolutionGuid = {22D64F41-8FD9-42AC-95B4-9350CBCB76A2}
	EndGlobalSection
EndGlobal
